# Generated by move; do not edit
# This file should be checked in.

[move]
version = 4

[pinned.mainnet.MoveStdlib]
source = { git = "https://github.com/MystenLabs/sui.git", subdir = "crates/sui-framework/packages/move-stdlib", rev = "367fd808279bed26f7c64fc63160062a2ee29ab7" }
use_environment = "mainnet"
manifest_digest = "C4FE4C91DE74CBF223B2E380AE40F592177D21870DC2D7EB6227D2D694E05363"
deps = {}

[pinned.mainnet.Sui]
source = { git = "https://github.com/MystenLabs/sui.git", subdir = "crates/sui-framework/packages/sui-framework", rev = "367fd808279bed26f7c64fc63160062a2ee29ab7" }
use_environment = "mainnet"
manifest_digest = "CD547CB1ACCE0880C835DAED2D8FFCB91D56C833AE5240D3AA5B918398263195"
deps = { MoveStdlib = "MoveStdlib" }

[pinned.mainnet.pas]
source = { git = "https://github.com/MystenLabs/pas", subdir = "packages/pas", rev = "3219d60cadfa6a82e0df0ef5ebf351fe0c7f82be" }
use_environment = "mainnet"
manifest_digest = "0A29FB0BF7CFB40F21E14B64576D414DA9E9FD9685EE8627D8065F0785C6465C"
deps = { ptb = "ptb", std = "MoveStdlib", sui = "Sui" }

[pinned.mainnet.ptb]
source = { git = "https://github.com/MystenLabs/pas", subdir = "packages/ptb", rev = "3219d60cadfa6a82e0df0ef5ebf351fe0c7f82be" }
use_environment = "mainnet"
manifest_digest = "E41BBD67BE8940D26C79D78B028477EF5B33BA217A1282C78ACB344CF8A5ECF6"
deps = { std = "MoveStdlib", sui = "Sui" }

[pinned.mainnet.securitize]
source = { root = true }
use_environment = "mainnet"
manifest_digest = "FFEC4D2DFD235F4005DAEA778084875A73110909CDD02FDE56F13979663CC2EE"
deps = { pas = "pas", ptb = "ptb", std = "MoveStdlib", sui = "Sui" }
